
Microsoft Visual Studio Solution File, Format Version 12.00
# Visual Studio Version 17
VisualStudioVersion = 17.1.32210.238
MinimumVisualStudioVersion = 10.0.40219.1
Project("{00D1A9C2-B5F0-4AF3-8072-F6C62B433612}") = "Helper.Investigation.Db", "Helper.Investigation.Db\Helper.Investigation.Db.sqlproj", "{68A7E12F-BFBC-495A-BF03-0AFB50E2752E}"
EndProject
Global
	GlobalSection(SolutionConfigurationPlatforms) = preSolution
		Debug|Any CPU = Debug|Any CPU
		Release|Any CPU = Release|Any CPU
	EndGlobalSection
	GlobalSection(ProjectConfigurationPlatforms) = postSolution
		{68A7E12F-BFBC-495A-BF03-0AFB50E2752E}.Debug|Any CPU.ActiveCfg = Debug|Any CPU
		{68A7E12F-BFBC-495A-BF03-0AFB50E2752E}.Debug|Any CPU.Build.0 = Debug|Any CPU
		{68A7E12F-BFBC-495A-BF03-0AFB50E2752E}.Debug|Any CPU.Deploy.0 = Debug|Any CPU
		{68A7E12F-BFBC-495A-BF03-0AFB50E2752E}.Release|Any CPU.ActiveCfg = Release|Any CPU
		{68A7E12F-BFBC-495A-BF03-0AFB50E2752E}.Release|Any CPU.Build.0 = Release|Any CPU
		{68A7E12F-BFBC-495A-BF03-0AFB50E2752E}.Release|Any CPU.Deploy.0 = Release|Any CPU
	EndGlobalSection
	GlobalSection(SolutionProperties) = preSolution
		HideSolutionNode = FALSE
	EndGlobalSection
	GlobalSection(ExtensibilityGlobals) = postSolution
		SolutionGuid = {1DC37FBC-1828-4ADA-BEB3-9F466582E855}
	EndGlobalSection
EndGlobal
